{
	"name": "@ohk/react-template",
	"version": "1.1.1",
	"lockfileVersion": 3,
	"requires": true,
	"packages": {
		"": {
			"name": "@ohk/react-template",
			"version": "1.1.1",
			"license": "MIT",
			"dependencies": {
				"chalk": "^5.4.1",
				"degit": "^2.8.4",
				"fs-extra": "^11.3.0",
				"inquirer": "^12.6.3"
			},
			"bin": {
				"crt": "index.js"
			}
		},
		"node_modules/@inquirer/checkbox": {
			"version": "4.2.0",
			"resolved": "https://registry.npmjs.org/@inquirer/checkbox/-/checkbox-4.2.0.tgz",
			"integrity": "sha512-fdSw07FLJEU5vbpOPzXo5c6xmMGDzbZE2+niuDHX5N6mc6V0Ebso/q3xiHra4D73+PMsC8MJmcaZKuAAoaQsSA==",
			"license": "MIT",
			"dependencies": {
				"@inquirer/core": "^10.1.15",
				"@inquirer/figures": "^1.0.13",
				"@inquirer/type": "^3.0.8",
				"ansi-escapes": "^4.3.2",
				"yoctocolors-cjs": "^2.1.2"
			},
			"engines": {
				"node": ">=18"
			},
			"peerDependencies": {
				"@types/node": ">=18"
			},
			"peerDependenciesMeta": {
				"@types/node": {
					"optional": true
				}
			}
		},
		"node_modules/@inquirer/confirm": {
			"version": "5.1.14",
			"resolved": "https://registry.npmjs.org/@inquirer/confirm/-/confirm-5.1.14.tgz",
			"integrity": "sha512-5yR4IBfe0kXe59r1YCTG8WXkUbl7Z35HK87Sw+WUyGD8wNUx7JvY7laahzeytyE1oLn74bQnL7hstctQxisQ8Q==",
			"license": "MIT",
			"dependencies": {
				"@inquirer/core": "^10.1.15",
				"@inquirer/type": "^3.0.8"
			},
			"engines": {
				"node": ">=18"
			},
			"peerDependencies": {
				"@types/node": ">=18"
			},
			"peerDependenciesMeta": {
				"@types/node": {
					"optional": true
				}
			}
		},
		"node_modules/@inquirer/core": {
			"version": "10.1.15",
			"resolved": "https://registry.npmjs.org/@inquirer/core/-/core-10.1.15.tgz",
			"integrity": "sha512-8xrp836RZvKkpNbVvgWUlxjT4CraKk2q+I3Ksy+seI2zkcE+y6wNs1BVhgcv8VyImFecUhdQrYLdW32pAjwBdA==",
			"license": "MIT",
			"dependencies": {
				"@inquirer/figures": "^1.0.13",
				"@inquirer/type": "^3.0.8",
				"ansi-escapes": "^4.3.2",
				"cli-width": "^4.1.0",
				"mute-stream": "^2.0.0",
				"signal-exit": "^4.1.0",
				"wrap-ansi": "^6.2.0",
				"yoctocolors-cjs": "^2.1.2"
			},
			"engines": {
				"node": ">=18"
			},
			"peerDependencies": {
				"@types/node": ">=18"
			},
			"peerDependenciesMeta": {
				"@types/node": {
					"optional": true
				}
			}
		},
		"node_modules/@inquirer/editor": {
			"version": "4.2.15",
			"resolved": "https://registry.npmjs.org/@inquirer/editor/-/editor-4.2.15.tgz",
			"integrity": "sha512-wst31XT8DnGOSS4nNJDIklGKnf+8shuauVrWzgKegWUe28zfCftcWZ2vktGdzJgcylWSS2SrDnYUb6alZcwnCQ==",
			"license": "MIT",
			"dependencies": {
				"@inquirer/core": "^10.1.15",
				"@inquirer/type": "^3.0.8",
				"external-editor": "^3.1.0"
			},
			"engines": {
				"node": ">=18"
			},
			"peerDependencies": {
				"@types/node": ">=18"
			},
			"peerDependenciesMeta": {
				"@types/node": {
					"optional": true
				}
			}
		},
		"node_modules/@inquirer/expand": {
			"version": "4.0.17",
			"resolved": "https://registry.npmjs.org/@inquirer/expand/-/expand-4.0.17.tgz",
			"integrity": "sha512-PSqy9VmJx/VbE3CT453yOfNa+PykpKg/0SYP7odez1/NWBGuDXgPhp4AeGYYKjhLn5lUUavVS/JbeYMPdH50Mw==",
			"license": "MIT",
			"dependencies": {
				"@inquirer/core": "^10.1.15",
				"@inquirer/type": "^3.0.8",
				"yoctocolors-cjs": "^2.1.2"
			},
			"engines": {
				"node": ">=18"
			},
			"peerDependencies": {
				"@types/node": ">=18"
			},
			"peerDependenciesMeta": {
				"@types/node": {
					"optional": true
				}
			}
		},
		"node_modules/@inquirer/figures": {
			"version": "1.0.13",
			"resolved": "https://registry.npmjs.org/@inquirer/figures/-/figures-1.0.13.tgz",
			"integrity": "sha512-lGPVU3yO9ZNqA7vTYz26jny41lE7yoQansmqdMLBEfqaGsmdg7V3W9mK9Pvb5IL4EVZ9GnSDGMO/cJXud5dMaw==",
			"license": "MIT",
			"engines": {
				"node": ">=18"
			}
		},
		"node_modules/@inquirer/input": {
			"version": "4.2.1",
			"resolved": "https://registry.npmjs.org/@inquirer/input/-/input-4.2.1.tgz",
			"integrity": "sha512-tVC+O1rBl0lJpoUZv4xY+WGWY8V5b0zxU1XDsMsIHYregdh7bN5X5QnIONNBAl0K765FYlAfNHS2Bhn7SSOVow==",
			"license": "MIT",
			"dependencies": {
				"@inquirer/core": "^10.1.15",
				"@inquirer/type": "^3.0.8"
			},
			"engines": {
				"node": ">=18"
			},
			"peerDependencies": {
				"@types/node": ">=18"
			},
			"peerDependenciesMeta": {
				"@types/node": {
					"optional": true
				}
			}
		},
		"node_modules/@inquirer/number": {
			"version": "3.0.17",
			"resolved": "https://registry.npmjs.org/@inquirer/number/-/number-3.0.17.tgz",
			"integrity": "sha512-GcvGHkyIgfZgVnnimURdOueMk0CztycfC8NZTiIY9arIAkeOgt6zG57G+7vC59Jns3UX27LMkPKnKWAOF5xEYg==",
			"license": "MIT",
			"dependencies": {
				"@inquirer/core": "^10.1.15",
				"@inquirer/type": "^3.0.8"
			},
			"engines": {
				"node": ">=18"
			},
			"peerDependencies": {
				"@types/node": ">=18"
			},
			"peerDependenciesMeta": {
				"@types/node": {
					"optional": true
				}
			}
		},
		"node_modules/@inquirer/password": {
			"version": "4.0.17",
			"resolved": "https://registry.npmjs.org/@inquirer/password/-/password-4.0.17.tgz",
			"integrity": "sha512-DJolTnNeZ00E1+1TW+8614F7rOJJCM4y4BAGQ3Gq6kQIG+OJ4zr3GLjIjVVJCbKsk2jmkmv6v2kQuN/vriHdZA==",
			"license": "MIT",
			"dependencies": {
				"@inquirer/core": "^10.1.15",
				"@inquirer/type": "^3.0.8",
				"ansi-escapes": "^4.3.2"
			},
			"engines": {
				"node": ">=18"
			},
			"peerDependencies": {
				"@types/node": ">=18"
			},
			"peerDependenciesMeta": {
				"@types/node": {
					"optional": true
				}
			}
		},
		"node_modules/@inquirer/prompts": {
			"version": "7.7.0",
			"resolved": "https://registry.npmjs.org/@inquirer/prompts/-/prompts-7.7.0.tgz",
			"integrity": "sha512-8/7fOJA/Q5qqxznIvYjEvUCeRE6pncc1OHEmeA5JdNIKfOBC3a0EE5lFBofTWK/WXKfsjMkIz28y/uL6A3frYA==",
			"license": "MIT",
			"dependencies": {
				"@inquirer/checkbox": "^4.2.0",
				"@inquirer/confirm": "^5.1.14",
				"@inquirer/editor": "^4.2.15",
				"@inquirer/expand": "^4.0.17",
				"@inquirer/input": "^4.2.1",
				"@inquirer/number": "^3.0.17",
				"@inquirer/password": "^4.0.17",
				"@inquirer/rawlist": "^4.1.5",
				"@inquirer/search": "^3.0.17",
				"@inquirer/select": "^4.3.0"
			},
			"engines": {
				"node": ">=18"
			},
			"peerDependencies": {
				"@types/node": ">=18"
			},
			"peerDependenciesMeta": {
				"@types/node": {
					"optional": true
				}
			}
		},
		"node_modules/@inquirer/rawlist": {
			"version": "4.1.5",
			"resolved": "https://registry.npmjs.org/@inquirer/rawlist/-/rawlist-4.1.5.tgz",
			"integrity": "sha512-R5qMyGJqtDdi4Ht521iAkNqyB6p2UPuZUbMifakg1sWtu24gc2Z8CJuw8rP081OckNDMgtDCuLe42Q2Kr3BolA==",
			"license": "MIT",
			"dependencies": {
				"@inquirer/core": "^10.1.15",
				"@inquirer/type": "^3.0.8",
				"yoctocolors-cjs": "^2.1.2"
			},
			"engines": {
				"node": ">=18"
			},
			"peerDependencies": {
				"@types/node": ">=18"
			},
			"peerDependenciesMeta": {
				"@types/node": {
					"optional": true
				}
			}
		},
		"node_modules/@inquirer/search": {
			"version": "3.0.17",
			"resolved": "https://registry.npmjs.org/@inquirer/search/-/search-3.0.17.tgz",
			"integrity": "sha512-CuBU4BAGFqRYors4TNCYzy9X3DpKtgIW4Boi0WNkm4Ei1hvY9acxKdBdyqzqBCEe4YxSdaQQsasJlFlUJNgojw==",
			"license": "MIT",
			"dependencies": {
				"@inquirer/core": "^10.1.15",
				"@inquirer/figures": "^1.0.13",
				"@inquirer/type": "^3.0.8",
				"yoctocolors-cjs": "^2.1.2"
			},
			"engines": {
				"node": ">=18"
			},
			"peerDependencies": {
				"@types/node": ">=18"
			},
			"peerDependenciesMeta": {
				"@types/node": {
					"optional": true
				}
			}
		},
		"node_modules/@inquirer/select": {
			"version": "4.3.0",
			"resolved": "https://registry.npmjs.org/@inquirer/select/-/select-4.3.0.tgz",
			"integrity": "sha512-dY4sPBAfGH6Cv435gOSbNbMsLd6v1ItNmhjsLY+LTY4h8L+SAOERL2L/VtvjZFSVpVcY4dcu8fo6Uq8H8vNvzQ==",
			"license": "MIT",
			"dependencies": {
				"@inquirer/core": "^10.1.15",
				"@inquirer/figures": "^1.0.13",
				"@inquirer/type": "^3.0.8",
				"ansi-escapes": "^4.3.2",
				"yoctocolors-cjs": "^2.1.2"
			},
			"engines": {
				"node": ">=18"
			},
			"peerDependencies": {
				"@types/node": ">=18"
			},
			"peerDependenciesMeta": {
				"@types/node": {
					"optional": true
				}
			}
		},
		"node_modules/@inquirer/type": {
			"version": "3.0.8",
			"resolved": "https://registry.npmjs.org/@inquirer/type/-/type-3.0.8.tgz",
			"integrity": "sha512-lg9Whz8onIHRthWaN1Q9EGLa/0LFJjyM8mEUbL1eTi6yMGvBf8gvyDLtxSXztQsxMvhxxNpJYrwa1YHdq+w4Jw==",
			"license": "MIT",
			"engines": {
				"node": ">=18"
			},
			"peerDependencies": {
				"@types/node": ">=18"
			},
			"peerDependenciesMeta": {
				"@types/node": {
					"optional": true
				}
			}
		},
		"node_modules/@oxlint/darwin-arm64": {
			"version": "1.5.0",
			"resolved": "https://registry.npmjs.org/@oxlint/darwin-arm64/-/darwin-arm64-1.5.0.tgz",
			"integrity": "sha512-CxzOtmOwQfaXXwAAJzPInNHhzldMeFsga7oe9mUp5bYIa/mm/Aqs0lxyAP9RZXoxaUHJTbfJovSsl6PU6gbCHw==",
			"cpu": [
				"arm64"
			],
			"optional": true,
			"os": [
				"darwin"
			]
		},
		"node_modules/@oxlint/darwin-x64": {
			"version": "1.5.0",
			"resolved": "https://registry.npmjs.org/@oxlint/darwin-x64/-/darwin-x64-1.5.0.tgz",
			"integrity": "sha512-awD5yNGIRy2DrfzbrfeTSjZ+ITKr9+FGGvufquAB7kzfveFZNa621FpmCJ8MQY8hzXFD99iP7ClMNbaCzDfV/g==",
			"cpu": [
				"x64"
			],
			"optional": true,
			"os": [
				"darwin"
			]
		},
		"node_modules/@oxlint/linux-arm64-gnu": {
			"version": "1.5.0",
			"resolved": "https://registry.npmjs.org/@oxlint/linux-arm64-gnu/-/linux-arm64-gnu-1.5.0.tgz",
			"integrity": "sha512-Nr8oUAEo20WIBo/qi76dBo5IGw2bQcl7d2YbaigOSQoAGfHR9xE9hAySYhIsnv7W0jtAZu1YTn0So7Tg0idExw==",
			"cpu": [
				"arm64"
			],
			"optional": true,
			"os": [
				"linux"
			]
		},
		"node_modules/@oxlint/linux-arm64-musl": {
			"version": "1.5.0",
			"resolved": "https://registry.npmjs.org/@oxlint/linux-arm64-musl/-/linux-arm64-musl-1.5.0.tgz",
			"integrity": "sha512-H2MBL0LZnl3GP09r12tFfcv3Y2fvetMD1TYbf5cetYCQ7hG7aIYTsuOTENjZ0SDK+L9Id35YWFNP3YES+3tsgw==",
			"cpu": [
				"arm64"
			],
			"optional": true,
			"os": [
				"linux"
			]
		},
		"node_modules/@oxlint/linux-x64-gnu": {
			"version": "1.5.0",
			"resolved": "https://registry.npmjs.org/@oxlint/linux-x64-gnu/-/linux-x64-gnu-1.5.0.tgz",
			"integrity": "sha512-pRu77WJ+Uy0l6OkCjljnHuzOlSbMsN1mFDeAyzh8R69O44Mc2C7f1Fe+fbbW2kjgIwFQq8JkUffvPWr1MCMa+A==",
			"cpu": [
				"x64"
			],
			"optional": true,
			"os": [
				"linux"
			]
		},
		"node_modules/@oxlint/linux-x64-musl": {
			"version": "1.5.0",
			"resolved": "https://registry.npmjs.org/@oxlint/linux-x64-musl/-/linux-x64-musl-1.5.0.tgz",
			"integrity": "sha512-qHG2YR+06pEAF4Gfp3T8hSaiI/IchdbuditnnVYxy32pN43vNMVDO7fU5hnNzJpxh6HozAD3uRrskBNvxgeSrQ==",
			"cpu": [
				"x64"
			],
			"optional": true,
			"os": [
				"linux"
			]
		},
		"node_modules/@oxlint/win32-arm64": {
			"version": "1.5.0",
			"resolved": "https://registry.npmjs.org/@oxlint/win32-arm64/-/win32-arm64-1.5.0.tgz",
			"integrity": "sha512-/YRDPf1sPCF6B026buZTvh1vOF/pS+75aBDnxrDWIFhP1w3flqcI9v5QVjtq/sOZEWAoP2ee46CrxcxK5UuYag==",
			"cpu": [
				"arm64"
			],
			"optional": true,
			"os": [
				"win32"
			]
		},
		"node_modules/@oxlint/win32-x64": {
			"version": "1.5.0",
			"resolved": "https://registry.npmjs.org/@oxlint/win32-x64/-/win32-x64-1.5.0.tgz",
			"integrity": "sha512-4HmkdYgDmejTxXESV1EBXd0zFLsoNJad+VrWZizzpTCmBnWEL5+tueEmEBBb4F55/sFZt8bdD//RbaTM9aOQJA==",
			"cpu": [
				"x64"
			],
			"optional": true,
			"os": [
				"win32"
			]
		},
		"node_modules/ansi-escapes": {
			"version": "4.3.2",
			"resolved": "https://registry.npmjs.org/ansi-escapes/-/ansi-escapes-4.3.2.tgz",
			"integrity": "sha512-gKXj5ALrKWQLsYG9jlTRmR/xKluxHV+Z9QEwNIgCfM1/uwPMCuzVVnh5mwTd+OuBZcwSIMbqssNWRm1lE51QaQ==",
			"license": "MIT",
			"dependencies": {
				"type-fest": "^0.21.3"
			},
			"engines": {
				"node": ">=8"
			},
			"funding": {
				"url": "https://github.com/sponsors/sindresorhus"
			}
		},
		"node_modules/ansi-regex": {
			"version": "5.0.1",
			"resolved": "https://registry.npmjs.org/ansi-regex/-/ansi-regex-5.0.1.tgz",
			"integrity": "sha512-quJQXlTSUGL2LH9SUXo8VwsY4soanhgo6LNSm84E1LBcE8s3O0wpdiRzyR9z/ZZJMlMWv37qOOb9pdJlMUEKFQ==",
			"license": "MIT",
			"engines": {
				"node": ">=8"
			}
		},
		"node_modules/ansi-styles": {
			"version": "4.3.0",
			"resolved": "https://registry.npmjs.org/ansi-styles/-/ansi-styles-4.3.0.tgz",
			"integrity": "sha512-zbB9rCJAT1rbjiVDb2hqKFHNYLxgtk8NURxZ3IZwD3F6NtxbXZQCnnSi1Lkx+IDohdPlFp222wVALIheZJQSEg==",
			"license": "MIT",
			"dependencies": {
				"color-convert": "^2.0.1"
			},
			"engines": {
				"node": ">=8"
			},
			"funding": {
				"url": "https://github.com/chalk/ansi-styles?sponsor=1"
			}
		},
		"node_modules/chalk": {
			"version": "5.4.1",
			"resolved": "https://registry.npmjs.org/chalk/-/chalk-5.4.1.tgz",
			"integrity": "sha512-zgVZuo2WcZgfUEmsn6eO3kINexW8RAE4maiQ8QNs8CtpPCSyMiYsULR3HQYkm3w8FIA3SberyMJMSldGsW+U3w==",
			"license": "MIT",
			"engines": {
				"node": "^12.17.0 || ^14.13 || >=16.0.0"
			},
			"funding": {
				"url": "https://github.com/chalk/chalk?sponsor=1"
			}
		},
		"node_modules/chardet": {
			"version": "0.7.0",
			"resolved": "https://registry.npmjs.org/chardet/-/chardet-0.7.0.tgz",
			"integrity": "sha512-mT8iDcrh03qDGRRmoA2hmBJnxpllMR+0/0qlzjqZES6NdiWDcZkCNAk4rPFZ9Q85r27unkiNNg8ZOiwZXBHwcA==",
			"license": "MIT"
		},
		"node_modules/cli-width": {
			"version": "4.1.0",
			"resolved": "https://registry.npmjs.org/cli-width/-/cli-width-4.1.0.tgz",
			"integrity": "sha512-ouuZd4/dm2Sw5Gmqy6bGyNNNe1qt9RpmxveLSO7KcgsTnU7RXfsw+/bukWGo1abgBiMAic068rclZsO4IWmmxQ==",
			"license": "ISC",
			"engines": {
				"node": ">= 12"
			}
		},
		"node_modules/color-convert": {
			"version": "2.0.1",
			"resolved": "https://registry.npmjs.org/color-convert/-/color-convert-2.0.1.tgz",
			"integrity": "sha512-RRECPsj7iu/xb5oKYcsFHSppFNnsj/52OVTRKb4zP5onXwVF3zVmmToNcOfGC+CRDpfK/U584fMg38ZHCaElKQ==",
			"license": "MIT",
			"dependencies": {
				"color-name": "~1.1.4"
			},
			"engines": {
				"node": ">=7.0.0"
			}
		},
		"node_modules/color-name": {
			"version": "1.1.4",
			"resolved": "https://registry.npmjs.org/color-name/-/color-name-1.1.4.tgz",
			"integrity": "sha512-dOy+3AuW3a2wNbZHIuMZpTcgjGuLU/uBL/ubcZF9OXbDo8ff4O8yVp5Bf0efS8uEoYo5q4Fx7dY9OgQGXgAsQA==",
			"license": "MIT"
		},
		"node_modules/degit": {
			"version": "2.8.4",
			"resolved": "https://registry.npmjs.org/degit/-/degit-2.8.4.tgz",
			"integrity": "sha512-vqYuzmSA5I50J882jd+AbAhQtgK6bdKUJIex1JNfEUPENCgYsxugzKVZlFyMwV4i06MmnV47/Iqi5Io86zf3Ng==",
			"license": "MIT",
			"bin": {
				"degit": "degit"
			},
			"engines": {
				"node": ">=8.0.0"
			}
		},
		"node_modules/emoji-regex": {
			"version": "8.0.0",
			"resolved": "https://registry.npmjs.org/emoji-regex/-/emoji-regex-8.0.0.tgz",
			"integrity": "sha512-MSjYzcWNOA0ewAHpz0MxpYFvwg6yjy1NG3xteoqz644VCo/RPgnr1/GGt+ic3iJTzQ8Eu3TdM14SawnVUmGE6A==",
			"license": "MIT"
		},
		"node_modules/external-editor": {
			"version": "3.1.0",
			"resolved": "https://registry.npmjs.org/external-editor/-/external-editor-3.1.0.tgz",
			"integrity": "sha512-hMQ4CX1p1izmuLYyZqLMO/qGNw10wSv9QDCPfzXfyFrOaCSSoRfqE1Kf1s5an66J5JZC62NewG+mK49jOCtQew==",
			"license": "MIT",
			"dependencies": {
				"chardet": "^0.7.0",
				"iconv-lite": "^0.4.24",
				"tmp": "^0.0.33"
			},
			"engines": {
				"node": ">=4"
			}
		},
		"node_modules/fs-extra": {
			"version": "11.3.0",
			"resolved": "https://registry.npmjs.org/fs-extra/-/fs-extra-11.3.0.tgz",
			"integrity": "sha512-Z4XaCL6dUDHfP/jT25jJKMmtxvuwbkrD1vNSMFlo9lNLY2c5FHYSQgHPRZUjAB26TpDEoW9HCOgplrdbaPV/ew==",
			"license": "MIT",
			"dependencies": {
				"graceful-fs": "^4.2.0",
				"jsonfile": "^6.0.1",
				"universalify": "^2.0.0"
			},
			"engines": {
				"node": ">=14.14"
			}
		},
		"node_modules/graceful-fs": {
			"version": "4.2.11",
			"resolved": "https://registry.npmjs.org/graceful-fs/-/graceful-fs-4.2.11.tgz",
			"integrity": "sha512-RbJ5/jmFcNNCcDV5o9eTnBLJ/HszWV0P73bc+Ff4nS/rJj+YaS6IGyiOL0VoBYX+l1Wrl3k63h/KrH+nhJ0XvQ==",
			"license": "ISC"
		},
		"node_modules/iconv-lite": {
			"version": "0.4.24",
			"resolved": "https://registry.npmjs.org/iconv-lite/-/iconv-lite-0.4.24.tgz",
			"integrity": "sha512-v3MXnZAcvnywkTUEZomIActle7RXXeedOR31wwl7VlyoXO4Qi9arvSenNQWne1TcRwhCL1HwLI21bEqdpj8/rA==",
			"license": "MIT",
			"dependencies": {
				"safer-buffer": ">= 2.1.2 < 3"
			},
			"engines": {
				"node": ">=0.10.0"
			}
		},
		"node_modules/inquirer": {
			"version": "12.8.0",
			"resolved": "https://registry.npmjs.org/inquirer/-/inquirer-12.8.0.tgz",
			"integrity": "sha512-gPBPq0MpYIBxYFNbJqvoYGw/n8sgmsgmN36MSQn0yocCnCg09cFlFLLd9CZ13zdAm6S8en4nttMbuD1UjWjW4Q==",
			"license": "MIT",
			"dependencies": {
				"@inquirer/core": "^10.1.15",
				"@inquirer/prompts": "^7.7.0",
				"@inquirer/type": "^3.0.8",
				"ansi-escapes": "^4.3.2",
				"mute-stream": "^2.0.0",
				"run-async": "^4.0.4",
				"rxjs": "^7.8.2"
			},
			"engines": {
				"node": ">=18"
			},
			"peerDependencies": {
				"@types/node": ">=18"
			},
			"peerDependenciesMeta": {
				"@types/node": {
					"optional": true
				}
			}
		},
		"node_modules/is-fullwidth-code-point": {
			"version": "3.0.0",
			"resolved": "https://registry.npmjs.org/is-fullwidth-code-point/-/is-fullwidth-code-point-3.0.0.tgz",
			"integrity": "sha512-zymm5+u+sCsSWyD9qNaejV3DFvhCKclKdizYaJUuHA83RLjb7nSuGnddCHGv0hk+KY7BMAlsWeK4Ueg6EV6XQg==",
			"license": "MIT",
			"engines": {
				"node": ">=8"
			}
		},
		"node_modules/jsonfile": {
			"version": "6.1.0",
			"resolved": "https://registry.npmjs.org/jsonfile/-/jsonfile-6.1.0.tgz",
			"integrity": "sha512-5dgndWOriYSm5cnYaJNhalLNDKOqFwyDB/rr1E9ZsGciGvKPs8R2xYGCacuf3z6K1YKDz182fd+fY3cn3pMqXQ==",
			"license": "MIT",
			"dependencies": {
				"universalify": "^2.0.0"
			},
			"optionalDependencies": {
				"graceful-fs": "^4.1.6"
			}
		},
		"node_modules/mute-stream": {
			"version": "2.0.0",
			"resolved": "https://registry.npmjs.org/mute-stream/-/mute-stream-2.0.0.tgz",
			"integrity": "sha512-WWdIxpyjEn+FhQJQQv9aQAYlHoNVdzIzUySNV1gHUPDSdZJ3yZn7pAAbQcV7B56Mvu881q9FZV+0Vx2xC44VWA==",
			"license": "ISC",
			"engines": {
				"node": "^18.17.0 || >=20.5.0"
			}
		},
		"node_modules/os-tmpdir": {
			"version": "1.0.2",
			"resolved": "https://registry.npmjs.org/os-tmpdir/-/os-tmpdir-1.0.2.tgz",
			"integrity": "sha512-D2FR03Vir7FIu45XBY20mTb+/ZSWB00sjU9jdQXt83gDrI4Ztz5Fs7/yy74g2N5SVQY4xY1qDr4rNddwYRVX0g==",
			"license": "MIT",
			"engines": {
				"node": ">=0.10.0"
			}
		},
		"node_modules/oxlint": {
			"version": "1.5.0",
			"resolved": "https://registry.npmjs.org/oxlint/-/oxlint-1.5.0.tgz",
			"integrity": "sha512-Oh48XZy6BY2jE9xKwN4DjwpK/l7LOUHfPJsZ/rUKudWN1RXHXBnJkubsgIHlfTwWJGYJU2LAlyXKZcE46mD4OQ==",
			"bin": {
				"oxc_language_server": "bin/oxc_language_server",
				"oxlint": "bin/oxlint"
			},
			"engines": {
				"node": ">=8.*"
			},
			"funding": {
				"url": "https://github.com/sponsors/Boshen"
			},
			"optionalDependencies": {
				"@oxlint/darwin-arm64": "1.5.0",
				"@oxlint/darwin-x64": "1.5.0",
				"@oxlint/linux-arm64-gnu": "1.5.0",
				"@oxlint/linux-arm64-musl": "1.5.0",
				"@oxlint/linux-x64-gnu": "1.5.0",
				"@oxlint/linux-x64-musl": "1.5.0",
				"@oxlint/win32-arm64": "1.5.0",
				"@oxlint/win32-x64": "1.5.0"
			}
		},
		"node_modules/prettier": {
			"version": "3.6.2",
			"resolved": "https://registry.npmjs.org/prettier/-/prettier-3.6.2.tgz",
			"integrity": "sha512-I7AIg5boAr5R0FFtJ6rCfD+LFsWHp81dolrFD8S79U9tb8Az2nGrJncnMSnys+bpQJfRUzqs9hnA81OAA3hCuQ==",
			"bin": {
				"prettier": "bin/prettier.cjs"
			},
			"engines": {
				"node": ">=14"
			},
			"funding": {
				"url": "https://github.com/prettier/prettier?sponsor=1"
			}
		},
		"node_modules/run-async": {
			"version": "4.0.4",
			"resolved": "https://registry.npmjs.org/run-async/-/run-async-4.0.4.tgz",
			"integrity": "sha512-2cgeRHnV11lSXBEhq7sN7a5UVjTKm9JTb9x8ApIT//16D7QL96AgnNeWSGoB4gIHc0iYw/Ha0Z+waBaCYZVNhg==",
			"dependencies": {
				"oxlint": "^1.2.0",
				"prettier": "^3.5.3"
			},
			"engines": {
				"node": ">=0.12.0"
			}
		},
		"node_modules/rxjs": {
			"version": "7.8.2",
			"resolved": "https://registry.npmjs.org/rxjs/-/rxjs-7.8.2.tgz",
			"integrity": "sha512-dhKf903U/PQZY6boNNtAGdWbG85WAbjT/1xYoZIC7FAY0yWapOBQVsVrDl58W86//e1VpMNBtRV4MaXfdMySFA==",
			"license": "Apache-2.0",
			"dependencies": {
				"tslib": "^2.1.0"
			}
		},
		"node_modules/safer-buffer": {
			"version": "2.1.2",
			"resolved": "https://registry.npmjs.org/safer-buffer/-/safer-buffer-2.1.2.tgz",
			"integrity": "sha512-YZo3K82SD7Riyi0E1EQPojLz7kpepnSQI9IyPbHHg1XXXevb5dJI7tpyN2ADxGcQbHG7vcyRHk0cbwqcQriUtg==",
			"license": "MIT"
		},
		"node_modules/signal-exit": {
			"version": "4.1.0",
			"resolved": "https://registry.npmjs.org/signal-exit/-/signal-exit-4.1.0.tgz",
			"integrity": "sha512-bzyZ1e88w9O1iNJbKnOlvYTrWPDl46O1bG0D3XInv+9tkPrxrN8jUUTiFlDkkmKWgn1M6CfIA13SuGqOa9Korw==",
			"license": "ISC",
			"engines": {
				"node": ">=14"
			},
			"funding": {
				"url": "https://github.com/sponsors/isaacs"
			}
		},
		"node_modules/string-width": {
			"version": "4.2.3",
			"resolved": "https://registry.npmjs.org/string-width/-/string-width-4.2.3.tgz",
			"integrity": "sha512-wKyQRQpjJ0sIp62ErSZdGsjMJWsap5oRNihHhu6G7JVO/9jIB6UyevL+tXuOqrng8j/cxKTWyWUwvSTriiZz/g==",
			"license": "MIT",
			"dependencies": {
				"emoji-regex": "^8.0.0",
				"is-fullwidth-code-point": "^3.0.0",
				"strip-ansi": "^6.0.1"
			},
			"engines": {
				"node": ">=8"
			}
		},
		"node_modules/strip-ansi": {
			"version": "6.0.1",
			"resolved": "https://registry.npmjs.org/strip-ansi/-/strip-ansi-6.0.1.tgz",
			"integrity": "sha512-Y38VPSHcqkFrCpFnQ9vuSXmquuv5oXOKpGeT6aGrr3o3Gc9AlVa6JBfUSOCnbxGGZF+/0ooI7KrPuUSztUdU5A==",
			"license": "MIT",
			"dependencies": {
				"ansi-regex": "^5.0.1"
			},
			"engines": {
				"node": ">=8"
			}
		},
		"node_modules/tmp": {
			"version": "0.0.33",
			"resolved": "https://registry.npmjs.org/tmp/-/tmp-0.0.33.tgz",
			"integrity": "sha512-jRCJlojKnZ3addtTOjdIqoRuPEKBvNXcGYqzO6zWZX8KfKEpnGY5jfggJQ3EjKuu8D4bJRr0y+cYJFmYbImXGw==",
			"license": "MIT",
			"dependencies": {
				"os-tmpdir": "~1.0.2"
			},
			"engines": {
				"node": ">=0.6.0"
			}
		},
		"node_modules/tslib": {
			"version": "2.8.1",
			"resolved": "https://registry.npmjs.org/tslib/-/tslib-2.8.1.tgz",
			"integrity": "sha512-oJFu94HQb+KVduSUQL7wnpmqnfmLsOA/nAh6b6EH0wCEoK0/mPeXU6c3wKDV83MkOuHPRHtSXKKU99IBazS/2w==",
			"license": "0BSD"
		},
		"node_modules/type-fest": {
			"version": "0.21.3",
			"resolved": "https://registry.npmjs.org/type-fest/-/type-fest-0.21.3.tgz",
			"integrity": "sha512-t0rzBq87m3fVcduHDUFhKmyyX+9eo6WQjZvf51Ea/M0Q7+T374Jp1aUiyUl0GKxp8M/OETVHSDvmkyPgvX+X2w==",
			"license": "(MIT OR CC0-1.0)",
			"engines": {
				"node": ">=10"
			},
			"funding": {
				"url": "https://github.com/sponsors/sindresorhus"
			}
		},
		"node_modules/universalify": {
			"version": "2.0.1",
			"resolved": "https://registry.npmjs.org/universalify/-/universalify-2.0.1.tgz",
			"integrity": "sha512-gptHNQghINnc/vTGIk0SOFGFNXw7JVrlRUtConJRlvaw6DuX0wO5Jeko9sWrMBhh+PsYAZ7oXAiOnf/UKogyiw==",
			"license": "MIT",
			"engines": {
				"node": ">= 10.0.0"
			}
		},
		"node_modules/wrap-ansi": {
			"version": "6.2.0",
			"resolved": "https://registry.npmjs.org/wrap-ansi/-/wrap-ansi-6.2.0.tgz",
			"integrity": "sha512-r6lPcBGxZXlIcymEu7InxDMhdW0KDxpLgoFLcguasxCaJ/SOIZwINatK9KY/tf+ZrlywOKU0UDj3ATXUBfxJXA==",
			"license": "MIT",
			"dependencies": {
				"ansi-styles": "^4.0.0",
				"string-width": "^4.1.0",
				"strip-ansi": "^6.0.0"
			},
			"engines": {
				"node": ">=8"
			}
		},
		"node_modules/yoctocolors-cjs": {
			"version": "2.1.2",
			"resolved": "https://registry.npmjs.org/yoctocolors-cjs/-/yoctocolors-cjs-2.1.2.tgz",
			"integrity": "sha512-cYVsTjKl8b+FrnidjibDWskAv7UKOfcwaVZdp/it9n1s9fU3IkgDbhdIRKCW4JDsAlECJY0ytoVPT3sK6kideA==",
			"license": "MIT",
			"engines": {
				"node": ">=18"
			},
			"funding": {
				"url": "https://github.com/sponsors/sindresorhus"
			}
		}
	}
}
